
Microsoft Visual Studio Solution File, Format Version 12.00
# Visual Studio Version 17
VisualStudioVersion = 17.12.35527.113 d17.12
MinimumVisualStudioVersion = 10.0.40219.1
Project("{FAE04EC0-301F-11D3-BF4B-00C04F79EFBC}") = "EV3Bpuglicivich", "EV3Bpuglicivich\EV3Bpuglicivich.csproj", "{84743D00-5A17-4747-95EE-433C5516866E}"
EndProject
Project("{FAE04EC0-301F-11D3-BF4B-00C04F79EFBC}") = "ListarEstudiantes.Modelos", "ListarEstudiantes.Modelos\ListarEstudiantes.Modelos.csproj", "{82BBD7B4-D5B7-461E-B3F7-550093EFB408}"
EndProject
Global
	GlobalSection(SolutionConfigurationPlatforms) = preSolution
		Debug|Any CPU = Debug|Any CPU
		Release|Any CPU = Release|Any CPU
	EndGlobalSection
	GlobalSection(ProjectConfigurationPlatforms) = postSolution
		{84743D00-5A17-4747-95EE-433C5516866E}.Debug|Any CPU.ActiveCfg = Debug|Any CPU
		{84743D00-5A17-4747-95EE-433C5516866E}.Debug|Any CPU.Build.0 = Debug|Any CPU
		{84743D00-5A17-4747-95EE-433C5516866E}.Debug|Any CPU.Deploy.0 = Debug|Any CPU
		{84743D00-5A17-4747-95EE-433C5516866E}.Release|Any CPU.ActiveCfg = Release|Any CPU
		{84743D00-5A17-4747-95EE-433C5516866E}.Release|Any CPU.Build.0 = Release|Any CPU
		{84743D00-5A17-4747-95EE-433C5516866E}.Release|Any CPU.Deploy.0 = Release|Any CPU
		{82BBD7B4-D5B7-461E-B3F7-550093EFB408}.Debug|Any CPU.ActiveCfg = Debug|Any CPU
		{82BBD7B4-D5B7-461E-B3F7-550093EFB408}.Debug|Any CPU.Build.0 = Debug|Any CPU
		{82BBD7B4-D5B7-461E-B3F7-550093EFB408}.Release|Any CPU.ActiveCfg = Release|Any CPU
		{82BBD7B4-D5B7-461E-B3F7-550093EFB408}.Release|Any CPU.Build.0 = Release|Any CPU
	EndGlobalSection
	GlobalSection(SolutionProperties) = preSolution
		HideSolutionNode = FALSE
	EndGlobalSection
EndGlobal
